
Microsoft Visual Studio Solution File, Format Version 12.00
# Visual Studio Version 17
VisualStudioVersion = 17.0.31903.59
MinimumVisualStudioVersion = 10.0.40219.1
Project("{2150E333-8FDC-42A3-9474-1A3956D46DE8}") = "src", "src", "{827E0CD3-B72D-47B6-A68D-7590B98EB39B}"
EndProject
Project("{FAE04EC0-301F-11D3-BF4B-00C04F79EFBC}") = "MiniLibrary.Domain", "src\MiniLibrary.Domain\MiniLibrary.Domain.csproj", "{398B9540-2827-451E-A078-2C8FF8EBBD6C}"
EndProject
Project("{FAE04EC0-301F-11D3-BF4B-00C04F79EFBC}") = "MiniLibrary.Application", "src\MiniLibrary.Application\MiniLibrary.Application.csproj", "{FDDEEB7D-96EE-4E84-8A0E-903A2F1DA564}"
EndProject
Project("{FAE04EC0-301F-11D3-BF4B-00C04F79EFBC}") = "MiniLibrary.Infrastructure", "src\MiniLibrary.Infrastructure\MiniLibrary.Infrastructure.csproj", "{1D908A79-C2A3-44A6-BC69-5BA3CB641A3E}"
EndProject
Project("{FAE04EC0-301F-11D3-BF4B-00C04F79EFBC}") = "MiniLibrary.API", "src\MiniLibrary.API\MiniLibrary.API.csproj", "{65734E47-84B7-4819-831F-0729A6C46169}"
EndProject
Global
	GlobalSection(SolutionConfigurationPlatforms) = preSolution
		Debug|Any CPU = Debug|Any CPU
		Debug|x64 = Debug|x64
		Debug|x86 = Debug|x86
		Release|Any CPU = Release|Any CPU
		Release|x64 = Release|x64
		Release|x86 = Release|x86
	EndGlobalSection
	GlobalSection(ProjectConfigurationPlatforms) = postSolution
		{398B9540-2827-451E-A078-2C8FF8EBBD6C}.Debug|Any CPU.ActiveCfg = Debug|Any CPU
		{398B9540-2827-451E-A078-2C8FF8EBBD6C}.Debug|Any CPU.Build.0 = Debug|Any CPU
		{398B9540-2827-451E-A078-2C8FF8EBBD6C}.Debug|x64.ActiveCfg = Debug|Any CPU
		{398B9540-2827-451E-A078-2C8FF8EBBD6C}.Debug|x64.Build.0 = Debug|Any CPU
		{398B9540-2827-451E-A078-2C8FF8EBBD6C}.Debug|x86.ActiveCfg = Debug|Any CPU
		{398B9540-2827-451E-A078-2C8FF8EBBD6C}.Debug|x86.Build.0 = Debug|Any CPU
		{398B9540-2827-451E-A078-2C8FF8EBBD6C}.Release|Any CPU.ActiveCfg = Release|Any CPU
		{398B9540-2827-451E-A078-2C8FF8EBBD6C}.Release|Any CPU.Build.0 = Release|Any CPU
		{398B9540-2827-451E-A078-2C8FF8EBBD6C}.Release|x64.ActiveCfg = Release|Any CPU
		{398B9540-2827-451E-A078-2C8FF8EBBD6C}.Release|x64.Build.0 = Release|Any CPU
		{398B9540-2827-451E-A078-2C8FF8EBBD6C}.Release|x86.ActiveCfg = Release|Any CPU
		{398B9540-2827-451E-A078-2C8FF8EBBD6C}.Release|x86.Build.0 = Release|Any CPU
		{FDDEEB7D-96EE-4E84-8A0E-903A2F1DA564}.Debug|Any CPU.ActiveCfg = Debug|Any CPU
		{FDDEEB7D-96EE-4E84-8A0E-903A2F1DA564}.Debug|Any CPU.Build.0 = Debug|Any CPU
		{FDDEEB7D-96EE-4E84-8A0E-903A2F1DA564}.Debug|x64.ActiveCfg = Debug|Any CPU
		{FDDEEB7D-96EE-4E84-8A0E-903A2F1DA564}.Debug|x64.Build.0 = Debug|Any CPU
		{FDDEEB7D-96EE-4E84-8A0E-903A2F1DA564}.Debug|x86.ActiveCfg = Debug|Any CPU
		{FDDEEB7D-96EE-4E84-8A0E-903A2F1DA564}.Debug|x86.Build.0 = Debug|Any CPU
		{FDDEEB7D-96EE-4E84-8A0E-903A2F1DA564}.Release|Any CPU.ActiveCfg = Release|Any CPU
		{FDDEEB7D-96EE-4E84-8A0E-903A2F1DA564}.Release|Any CPU.Build.0 = Release|Any CPU
		{FDDEEB7D-96EE-4E84-8A0E-903A2F1DA564}.Release|x64.ActiveCfg = Release|Any CPU
		{FDDEEB7D-96EE-4E84-8A0E-903A2F1DA564}.Release|x64.Build.0 = Release|Any CPU
		{FDDEEB7D-96EE-4E84-8A0E-903A2F1DA564}.Release|x86.ActiveCfg = Release|Any CPU
		{FDDEEB7D-96EE-4E84-8A0E-903A2F1DA564}.Release|x86.Build.0 = Release|Any CPU
		{1D908A79-C2A3-44A6-BC69-5BA3CB641A3E}.Debug|Any CPU.ActiveCfg = Debug|Any CPU
		{1D908A79-C2A3-44A6-BC69-5BA3CB641A3E}.Debug|Any CPU.Build.0 = Debug|Any CPU
		{1D908A79-C2A3-44A6-BC69-5BA3CB641A3E}.Debug|x64.ActiveCfg = Debug|Any CPU
		{1D908A79-C2A3-44A6-BC69-5BA3CB641A3E}.Debug|x64.Build.0 = Debug|Any CPU
		{1D908A79-C2A3-44A6-BC69-5BA3CB641A3E}.Debug|x86.ActiveCfg = Debug|Any CPU
		{1D908A79-C2A3-44A6-BC69-5BA3CB641A3E}.Debug|x86.Build.0 = Debug|Any CPU
		{1D908A79-C2A3-44A6-BC69-5BA3CB641A3E}.Release|Any CPU.ActiveCfg = Release|Any CPU
		{1D908A79-C2A3-44A6-BC69-5BA3CB641A3E}.Release|Any CPU.Build.0 = Release|Any CPU
		{1D908A79-C2A3-44A6-BC69-5BA3CB641A3E}.Release|x64.ActiveCfg = Release|Any CPU
		{1D908A79-C2A3-44A6-BC69-5BA3CB641A3E}.Release|x64.Build.0 = Release|Any CPU
		{1D908A79-C2A3-44A6-BC69-5BA3CB641A3E}.Release|x86.ActiveCfg = Release|Any CPU
		{1D908A79-C2A3-44A6-BC69-5BA3CB641A3E}.Release|x86.Build.0 = Release|Any CPU
		{65734E47-84B7-4819-831F-0729A6C46169}.Debug|Any CPU.ActiveCfg = Debug|Any CPU
		{65734E47-84B7-4819-831F-0729A6C46169}.Debug|Any CPU.Build.0 = Debug|Any CPU
		{65734E47-84B7-4819-831F-0729A6C46169}.Debug|x64.ActiveCfg = Debug|Any CPU
		{65734E47-84B7-4819-831F-0729A6C46169}.Debug|x64.Build.0 = Debug|Any CPU
		{65734E47-84B7-4819-831F-0729A6C46169}.Debug|x86.ActiveCfg = Debug|Any CPU
		{65734E47-84B7-4819-831F-0729A6C46169}.Debug|x86.Build.0 = Debug|Any CPU
		{65734E47-84B7-4819-831F-0729A6C46169}.Release|Any CPU.ActiveCfg = Release|Any CPU
		{65734E47-84B7-4819-831F-0729A6C46169}.Release|Any CPU.Build.0 = Release|Any CPU
		{65734E47-84B7-4819-831F-0729A6C46169}.Release|x64.ActiveCfg = Release|Any CPU
		{65734E47-84B7-4819-831F-0729A6C46169}.Release|x64.Build.0 = Release|Any CPU
		{65734E47-84B7-4819-831F-0729A6C46169}.Release|x86.ActiveCfg = Release|Any CPU
		{65734E47-84B7-4819-831F-0729A6C46169}.Release|x86.Build.0 = Release|Any CPU
	EndGlobalSection
	GlobalSection(SolutionProperties) = preSolution
		HideSolutionNode = FALSE
	EndGlobalSection
	GlobalSection(NestedProjects) = preSolution
		{398B9540-2827-451E-A078-2C8FF8EBBD6C} = {827E0CD3-B72D-47B6-A68D-7590B98EB39B}
		{FDDEEB7D-96EE-4E84-8A0E-903A2F1DA564} = {827E0CD3-B72D-47B6-A68D-7590B98EB39B}
		{1D908A79-C2A3-44A6-BC69-5BA3CB641A3E} = {827E0CD3-B72D-47B6-A68D-7590B98EB39B}
		{65734E47-84B7-4819-831F-0729A6C46169} = {827E0CD3-B72D-47B6-A68D-7590B98EB39B}
	EndGlobalSection
EndGlobal
